// !$*UTF8*$!
{
	archiveVersion = 1;
	classes = {
	};
	objectVersion = 48;
	objects = {

/* Begin PBXBuildFile section */
		850DE21D1FF137C000C828FF /* LoginController.swift in Sources */ = {isa = PBXBuildFile; fileRef = 850DE21C1FF137C000C828FF /* LoginController.swift */; };
		850DE2201FF146B400C828FF /* SignUpController.swift in Sources */ = {isa = PBXBuildFile; fileRef = 850DE21F1FF146B400C828FF /* SignUpController.swift */; };
		850DE2231FF2022E00C828FF /* ConfigController.swift in Sources */ = {isa = PBXBuildFile; fileRef = 850DE2221FF2022E00C828FF /* ConfigController.swift */; };
		850DE2291FF2256C00C828FF /* AdminController.swift in Sources */ = {isa = PBXBuildFile; fileRef = 850DE2281FF2256C00C828FF /* AdminController.swift */; };
		850DE22C1FF22D0A00C828FF /* exAdmin + UITableView.swift in Sources */ = {isa = PBXBuildFile; fileRef = 850DE22B1FF22D0A00C828FF /* exAdmin + UITableView.swift */; };
		850DE22E1FF22E9D00C828FF /* AdminCell.swift in Sources */ = {isa = PBXBuildFile; fileRef = 850DE22D1FF22E9D00C828FF /* AdminCell.swift */; };
		85967A9C1FF24930009E5027 /* extUITextField.swift in Sources */ = {isa = PBXBuildFile; fileRef = 85967A9B1FF24930009E5027 /* extUITextField.swift */; };
		85967AA01FF27D5A009E5027 /* customAlert.swift in Sources */ = {isa = PBXBuildFile; fileRef = 85967A9F1FF27D5A009E5027 /* customAlert.swift */; };
		C59448C28665A547A4A8A1D7 /* Pods_loginAuto.framework in Frameworks */ = {isa = PBXBuildFile; fileRef = 99ACFC8A305EECC21EA3CAD4 /* Pods_loginAuto.framework */; };
		D565C8941FE74C9500E6E85D /* extMain + UICollectionView.swift in Sources */ = {isa = PBXBuildFile; fileRef = D565C8931FE74C9500E6E85D /* extMain + UICollectionView.swift */; };
		D565C8961FE74D7E00E6E85D /* MainCell.swift in Sources */ = {isa = PBXBuildFile; fileRef = D565C8951FE74D7E00E6E85D /* MainCell.swift */; };
		D565C89A1FE7A4E000E6E85D /* BillController.swift in Sources */ = {isa = PBXBuildFile; fileRef = D565C8991FE7A4E000E6E85D /* BillController.swift */; };
		D565C89D1FE7A6AB00E6E85D /* ShutdownController.swift in Sources */ = {isa = PBXBuildFile; fileRef = D565C89C1FE7A6AB00E6E85D /* ShutdownController.swift */; };
		D565C89F1FE7AB0000E6E85D /* ShutdownCell.swift in Sources */ = {isa = PBXBuildFile; fileRef = D565C89E1FE7AB0000E6E85D /* ShutdownCell.swift */; };
		D565C8A11FE7DEA000E6E85D /* extShut + UITableView.swift in Sources */ = {isa = PBXBuildFile; fileRef = D565C8A01FE7DEA000E6E85D /* extShut + UITableView.swift */; };
		D5688F9A1FE4F61F006D7423 /* AppDelegate.swift in Sources */ = {isa = PBXBuildFile; fileRef = D5688F991FE4F61F006D7423 /* AppDelegate.swift */; };
		D5688F9C1FE4F61F006D7423 /* InitController.swift in Sources */ = {isa = PBXBuildFile; fileRef = D5688F9B1FE4F61F006D7423 /* InitController.swift */; };
		D5688FA11FE4F61F006D7423 /* Assets.xcassets in Resources */ = {isa = PBXBuildFile; fileRef = D5688FA01FE4F61F006D7423 /* Assets.xcassets */; };
		D5688FA41FE4F61F006D7423 /* LaunchScreen.storyboard in Resources */ = {isa = PBXBuildFile; fileRef = D5688FA21FE4F61F006D7423 /* LaunchScreen.storyboard */; };
		D5688FAC1FE4F930006D7423 /* extUIView.swift in Sources */ = {isa = PBXBuildFile; fileRef = D5688FAB1FE4F930006D7423 /* extUIView.swift */; };
		D5688FAE1FE4FDA9006D7423 /* PageCell.swift in Sources */ = {isa = PBXBuildFile; fileRef = D5688FAD1FE4FDA9006D7423 /* PageCell.swift */; };
		D5688FB01FE504AD006D7423 /* Data.swift in Sources */ = {isa = PBXBuildFile; fileRef = D5688FAF1FE504AD006D7423 /* Data.swift */; };
		D5688FB91FE51899006D7423 /* extInit + UICollectionView.swift in Sources */ = {isa = PBXBuildFile; fileRef = D5688FB81FE51899006D7423 /* extInit + UICollectionView.swift */; };
		D5688FBB1FE51A1F006D7423 /* exUIColor.swift in Sources */ = {isa = PBXBuildFile; fileRef = D5688FBA1FE51A1F006D7423 /* exUIColor.swift */; };
		D5688FC11FE63CDB006D7423 /* NavigationController.swift in Sources */ = {isa = PBXBuildFile; fileRef = D5688FC01FE63CDB006D7423 /* NavigationController.swift */; };
		D5688FC31FE63E3D006D7423 /* MainController.swift in Sources */ = {isa = PBXBuildFile; fileRef = D5688FC21FE63E3D006D7423 /* MainController.swift */; };
		D5688FC51FE65714006D7423 /* extUserDefualts.swift in Sources */ = {isa = PBXBuildFile; fileRef = D5688FC41FE65714006D7423 /* extUserDefualts.swift */; };
		D57950831FE80D18006E63E6 /* Network.swift in Sources */ = {isa = PBXBuildFile; fileRef = D57950821FE80D18006E63E6 /* Network.swift */; };
/* End PBXBuildFile section */

/* Begin PBXFileReference section */
		27830701E153E8B7CB071957 /* Pods-loginAuto.debug.xcconfig */ = {isa = PBXFileReference; includeInIndex = 1; lastKnownFileType = text.xcconfig; name = "Pods-loginAuto.debug.xcconfig"; path = "Pods/Target Support Files/Pods-loginAuto/Pods-loginAuto.debug.xcconfig"; sourceTree = "<group>"; };
		2D667CD51C96E476442D5B59 /* Pods-loginAuto.release.xcconfig */ = {isa = PBXFileReference; includeInIndex = 1; lastKnownFileType = text.xcconfig; name = "Pods-loginAuto.release.xcconfig"; path = "Pods/Target Support Files/Pods-loginAuto/Pods-loginAuto.release.xcconfig"; sourceTree = "<group>"; };
		850DE21C1FF137C000C828FF /* LoginController.swift */ = {isa = PBXFileReference; lastKnownFileType = sourcecode.swift; path = LoginController.swift; sourceTree = "<group>"; };
		850DE21F1FF146B400C828FF /* SignUpController.swift */ = {isa = PBXFileReference; lastKnownFileType = sourcecode.swift; path = SignUpController.swift; sourceTree = "<group>"; };
		850DE2221FF2022E00C828FF /* ConfigController.swift */ = {isa = PBXFileReference; lastKnownFileType = sourcecode.swift; path = ConfigController.swift; sourceTree = "<group>"; };
		850DE2281FF2256C00C828FF /* AdminController.swift */ = {isa = PBXFileReference; lastKnownFileType = sourcecode.swift; path = AdminController.swift; sourceTree = "<group>"; };
		850DE22B1FF22D0A00C828FF /* exAdmin + UITableView.swift */ = {isa = PBXFileReference; lastKnownFileType = sourcecode.swift; path = "exAdmin + UITableView.swift"; sourceTree = "<group>"; };
		850DE22D1FF22E9D00C828FF /* AdminCell.swift */ = {isa = PBXFileReference; lastKnownFileType = sourcecode.swift; path = AdminCell.swift; sourceTree = "<group>"; };
		85967A9B1FF24930009E5027 /* extUITextField.swift */ = {isa = PBXFileReference; lastKnownFileType = sourcecode.swift; path = extUITextField.swift; sourceTree = "<group>"; };
		85967A9F1FF27D5A009E5027 /* customAlert.swift */ = {isa = PBXFileReference; lastKnownFileType = sourcecode.swift; path = customAlert.swift; sourceTree = "<group>"; };
		99ACFC8A305EECC21EA3CAD4 /* Pods_loginAuto.framework */ = {isa = PBXFileReference; explicitFileType = wrapper.framework; includeInIndex = 0; path = Pods_loginAuto.framework; sourceTree = BUILT_PRODUCTS_DIR; };
		D565C8931FE74C9500E6E85D /* extMain + UICollectionView.swift */ = {isa = PBXFileReference; lastKnownFileType = sourcecode.swift; path = "extMain + UICollectionView.swift"; sourceTree = "<group>"; };
		D565C8951FE74D7E00E6E85D /* MainCell.swift */ = {isa = PBXFileReference; lastKnownFileType = sourcecode.swift; path = MainCell.swift; sourceTree = "<group>"; };
		D565C8991FE7A4E000E6E85D /* BillController.swift */ = {isa = PBXFileReference; lastKnownFileType = sourcecode.swift; path = BillController.swift; sourceTree = "<group>"; };
		D565C89C1FE7A6AB00E6E85D /* ShutdownController.swift */ = {isa = PBXFileReference; lastKnownFileType = sourcecode.swift; path = ShutdownController.swift; sourceTree = "<group>"; };
		D565C89E1FE7AB0000E6E85D /* ShutdownCell.swift */ = {isa = PBXFileReference; lastKnownFileType = sourcecode.swift; path = ShutdownCell.swift; sourceTree = "<group>"; };
		D565C8A01FE7DEA000E6E85D /* extShut + UITableView.swift */ = {isa = PBXFileReference; lastKnownFileType = sourcecode.swift; path = "extShut + UITableView.swift"; sourceTree = "<group>"; };
		D5688F961FE4F61F006D7423 /* loginAuto.app */ = {isa = PBXFileReference; explicitFileType = wrapper.application; includeInIndex = 0; path = loginAuto.app; sourceTree = BUILT_PRODUCTS_DIR; };
		D5688F991FE4F61F006D7423 /* AppDelegate.swift */ = {isa = PBXFileReference; lastKnownFileType = sourcecode.swift; path = AppDelegate.swift; sourceTree = "<group>"; };
		D5688F9B1FE4F61F006D7423 /* InitController.swift */ = {isa = PBXFileReference; lastKnownFileType = sourcecode.swift; path = InitController.swift; sourceTree = "<group>"; };
		D5688FA01FE4F61F006D7423 /* Assets.xcassets */ = {isa = PBXFileReference; lastKnownFileType = folder.assetcatalog; path = Assets.xcassets; sourceTree = "<group>"; };
		D5688FA31FE4F61F006D7423 /* Base */ = {isa = PBXFileReference; lastKnownFileType = file.storyboard; name = Base; path = Base.lproj/LaunchScreen.storyboard; sourceTree = "<group>"; };
		D5688FA51FE4F61F006D7423 /* Info.plist */ = {isa = PBXFileReference; lastKnownFileType = text.plist.xml; path = Info.plist; sourceTree = "<group>"; };
		D5688FAB1FE4F930006D7423 /* extUIView.swift */ = {isa = PBXFileReference; lastKnownFileType = sourcecode.swift; path = extUIView.swift; sourceTree = "<group>"; };
		D5688FAD1FE4FDA9006D7423 /* PageCell.swift */ = {isa = PBXFileReference; lastKnownFileType = sourcecode.swift; path = PageCell.swift; sourceTree = "<group>"; };
		D5688FAF1FE504AD006D7423 /* Data.swift */ = {isa = PBXFileReference; lastKnownFileType = sourcecode.swift; path = Data.swift; sourceTree = "<group>"; };
		D5688FB81FE51899006D7423 /* extInit + UICollectionView.swift */ = {isa = PBXFileReference; lastKnownFileType = sourcecode.swift; path = "extInit + UICollectionView.swift"; sourceTree = "<group>"; };
		D5688FBA1FE51A1F006D7423 /* exUIColor.swift */ = {isa = PBXFileReference; lastKnownFileType = sourcecode.swift; path = exUIColor.swift; sourceTree = "<group>"; };
		D5688FC01FE63CDB006D7423 /* NavigationController.swift */ = {isa = PBXFileReference; lastKnownFileType = sourcecode.swift; path = NavigationController.swift; sourceTree = "<group>"; };
		D5688FC21FE63E3D006D7423 /* MainController.swift */ = {isa = PBXFileReference; lastKnownFileType = sourcecode.swift; path = MainController.swift; sourceTree = "<group>"; };
		D5688FC41FE65714006D7423 /* extUserDefualts.swift */ = {isa = PBXFileReference; lastKnownFileType = sourcecode.swift; path = extUserDefualts.swift; sourceTree = "<group>"; };
		D57950821FE80D18006E63E6 /* Network.swift */ = {isa = PBXFileReference; lastKnownFileType = sourcecode.swift; path = Network.swift; sourceTree = "<group>"; };
/* End PBXFileReference section */

/* Begin PBXFrameworksBuildPhase section */
		D5688F931FE4F61F006D7423 /* Frameworks */ = {
			isa = PBXFrameworksBuildPhase;
			buildActionMask = 2147483647;
			files = (
				C59448C28665A547A4A8A1D7 /* Pods_loginAuto.framework in Frameworks */,
			);
			runOnlyForDeploymentPostprocessing = 0;
		};
/* End PBXFrameworksBuildPhase section */

/* Begin PBXGroup section */
		4D7562A37DB49A0FCC63D30F /* Frameworks */ = {
			isa = PBXGroup;
			children = (
				99ACFC8A305EECC21EA3CAD4 /* Pods_loginAuto.framework */,
			);
			name = Frameworks;
			sourceTree = "<group>";
		};
		850DE21E1FF13F5400C828FF /* Login */ = {
			isa = PBXGroup;
			children = (
				850DE21C1FF137C000C828FF /* LoginController.swift */,
			);
			path = Login;
			sourceTree = "<group>";
		};
		850DE2211FF146BB00C828FF /* SignUp */ = {
			isa = PBXGroup;
			children = (
				850DE21F1FF146B400C828FF /* SignUpController.swift */,
			);
			path = SignUp;
			sourceTree = "<group>";
		};
		850DE2241FF2023300C828FF /* Config */ = {
			isa = PBXGroup;
			children = (
				850DE2221FF2022E00C828FF /* ConfigController.swift */,
			);
			path = Config;
			sourceTree = "<group>";
		};
		850DE22A1FF2256F00C828FF /* Admin */ = {
			isa = PBXGroup;
			children = (
				850DE2281FF2256C00C828FF /* AdminController.swift */,
				850DE22B1FF22D0A00C828FF /* exAdmin + UITableView.swift */,
			);
			path = Admin;
			sourceTree = "<group>";
		};
		D565C8911FE74BE500E6E85D /* Init */ = {
			isa = PBXGroup;
			children = (
				D5688F9B1FE4F61F006D7423 /* InitController.swift */,
				D5688FB81FE51899006D7423 /* extInit + UICollectionView.swift */,
			);
			path = Init;
			sourceTree = "<group>";
		};
		D565C8921FE74C0B00E6E85D /* Main */ = {
			isa = PBXGroup;
			children = (
				D5688FC21FE63E3D006D7423 /* MainController.swift */,
				D565C8931FE74C9500E6E85D /* extMain + UICollectionView.swift */,
			);
			path = Main;
			sourceTree = "<group>";
		};
		D565C8981FE7A4A900E6E85D /* Bill */ = {
			isa = PBXGroup;
			children = (
				D565C8991FE7A4E000E6E85D /* BillController.swift */,
			);
			path = Bill;
			sourceTree = "<group>";
		};
		D565C89B1FE7A69100E6E85D /* Shutdown */ = {
			isa = PBXGroup;
			children = (
				D565C89C1FE7A6AB00E6E85D /* ShutdownController.swift */,
				D565C8A01FE7DEA000E6E85D /* extShut + UITableView.swift */,
			);
			path = Shutdown;
			sourceTree = "<group>";
		};
		D5688F8D1FE4F61F006D7423 = {
			isa = PBXGroup;
			children = (
				D5688F981FE4F61F006D7423 /* loginAuto */,
				D5688F971FE4F61F006D7423 /* Products */,
				E00E0DE33CFA3AA1223A7688 /* Pods */,
				4D7562A37DB49A0FCC63D30F /* Frameworks */,
			);
			sourceTree = "<group>";
		};
		D5688F971FE4F61F006D7423 /* Products */ = {
			isa = PBXGroup;
			children = (
				D5688F961FE4F61F006D7423 /* loginAuto.app */,
			);
			name = Products;
			sourceTree = "<group>";
		};
		D5688F981FE4F61F006D7423 /* loginAuto */ = {
			isa = PBXGroup;
			children = (
				D57950811FE80D07006E63E6 /* Network */,
				D5688FB71FE516C5006D7423 /* Extensions */,
				D5688FB51FE5169C006D7423 /* Controller */,
				D5688FB61FE516A3006D7423 /* View */,
				D5688FA51FE4F61F006D7423 /* Info.plist */,
				D5688F991FE4F61F006D7423 /* AppDelegate.swift */,
			);
			path = loginAuto;
			sourceTree = "<group>";
		};
		D5688FB51FE5169C006D7423 /* Controller */ = {
			isa = PBXGroup;
			children = (
				D5688FC01FE63CDB006D7423 /* NavigationController.swift */,
				D565C8911FE74BE500E6E85D /* Init */,
				850DE21E1FF13F5400C828FF /* Login */,
				850DE2211FF146BB00C828FF /* SignUp */,
				D565C8921FE74C0B00E6E85D /* Main */,
				D565C8981FE7A4A900E6E85D /* Bill */,
				D565C89B1FE7A69100E6E85D /* Shutdown */,
				850DE2241FF2023300C828FF /* Config */,
				850DE22A1FF2256F00C828FF /* Admin */,
			);
			path = Controller;
			sourceTree = "<group>";
		};
		D5688FB61FE516A3006D7423 /* View */ = {
			isa = PBXGroup;
			children = (
				D5688FA01FE4F61F006D7423 /* Assets.xcassets */,
				D5688FA21FE4F61F006D7423 /* LaunchScreen.storyboard */,
				D5688FAD1FE4FDA9006D7423 /* PageCell.swift */,
				D565C8951FE74D7E00E6E85D /* MainCell.swift */,
				D565C89E1FE7AB0000E6E85D /* ShutdownCell.swift */,
				850DE22D1FF22E9D00C828FF /* AdminCell.swift */,
			);
			path = View;
			sourceTree = "<group>";
		};
		D5688FB71FE516C5006D7423 /* Extensions */ = {
			isa = PBXGroup;
			children = (
				D5688FAB1FE4F930006D7423 /* extUIView.swift */,
				D5688FBA1FE51A1F006D7423 /* exUIColor.swift */,
				D5688FAF1FE504AD006D7423 /* Data.swift */,
				D5688FC41FE65714006D7423 /* extUserDefualts.swift */,
				85967A9B1FF24930009E5027 /* extUITextField.swift */,
				85967A9F1FF27D5A009E5027 /* customAlert.swift */,
			);
			path = Extensions;
			sourceTree = "<group>";
		};
		D57950811FE80D07006E63E6 /* Network */ = {
			isa = PBXGroup;
			children = (
				D57950821FE80D18006E63E6 /* Network.swift */,
			);
			path = Network;
			sourceTree = "<group>";
		};
		E00E0DE33CFA3AA1223A7688 /* Pods */ = {
			isa = PBXGroup;
			children = (
				27830701E153E8B7CB071957 /* Pods-loginAuto.debug.xcconfig */,
				2D667CD51C96E476442D5B59 /* Pods-loginAuto.release.xcconfig */,
			);
			name = Pods;
			sourceTree = "<group>";
		};
/* End PBXGroup section */

/* Begin PBXNativeTarget section */
		D5688F951FE4F61F006D7423 /* loginAuto */ = {
			isa = PBXNativeTarget;
			buildConfigurationList = D5688FA81FE4F61F006D7423 /* Build configuration list for PBXNativeTarget "loginAuto" */;
			buildPhases = (
				5975AF666DE10C21715D2C6E /* [CP] Check Pods Manifest.lock */,
				D5688F921FE4F61F006D7423 /* Sources */,
				D5688F931FE4F61F006D7423 /* Frameworks */,
				D5688F941FE4F61F006D7423 /* Resources */,
				D4E715C22C7C73DE9813FA46 /* [CP] Embed Pods Frameworks */,
				7C7E54FA39467D261905740F /* [CP] Copy Pods Resources */,
			);
			buildRules = (
			);
			dependencies = (
			);
			name = loginAuto;
			productName = loginAuto;
			productReference = D5688F961FE4F61F006D7423 /* loginAuto.app */;
			productType = "com.apple.product-type.application";
		};
/* End PBXNativeTarget section */

/* Begin PBXProject section */
		D5688F8E1FE4F61F006D7423 /* Project object */ = {
			isa = PBXProject;
			attributes = {
				LastSwiftUpdateCheck = 0920;
				LastUpgradeCheck = 0920;
				ORGANIZATIONNAME = bugking;
				TargetAttributes = {
					D5688F951FE4F61F006D7423 = {
						CreatedOnToolsVersion = 9.2;
						ProvisioningStyle = Automatic;
					};
				};
			};
			buildConfigurationList = D5688F911FE4F61F006D7423 /* Build configuration list for PBXProject "loginAuto" */;
			compatibilityVersion = "Xcode 8.0";
			developmentRegion = en;
			hasScannedForEncodings = 0;
			knownRegions = (
				en,
				Base,
			);
			mainGroup = D5688F8D1FE4F61F006D7423;
			productRefGroup = D5688F971FE4F61F006D7423 /* Products */;
			projectDirPath = "";
			projectRoot = "";
			targets = (
				D5688F951FE4F61F006D7423 /* loginAuto */,
			);
		};
/* End PBXProject section */

/* Begin PBXResourcesBuildPhase section */
		D5688F941FE4F61F006D7423 /* Resources */ = {
			isa = PBXResourcesBuildPhase;
			buildActionMask = 2147483647;
			files = (
				D5688FA41FE4F61F006D7423 /* LaunchScreen.storyboard in Resources */,
				D5688FA11FE4F61F006D7423 /* Assets.xcassets in Resources */,
			);
			runOnlyForDeploymentPostprocessing = 0;
		};
/* End PBXResourcesBuildPhase section */

/* Begin PBXShellScriptBuildPhase section */
		5975AF666DE10C21715D2C6E /* [CP] Check Pods Manifest.lock */ = {
			isa = PBXShellScriptBuildPhase;
			buildActionMask = 2147483647;
			files = (
			);
			inputPaths = (
				"${PODS_PODFILE_DIR_PATH}/Podfile.lock",
				"${PODS_ROOT}/Manifest.lock",
			);
			name = "[CP] Check Pods Manifest.lock";
			outputPaths = (
				"$(DERIVED_FILE_DIR)/Pods-loginAuto-checkManifestLockResult.txt",
			);
			runOnlyForDeploymentPostprocessing = 0;
			shellPath = /bin/sh;
			shellScript = "diff \"${PODS_PODFILE_DIR_PATH}/Podfile.lock\" \"${PODS_ROOT}/Manifest.lock\" > /dev/null\nif [ $? != 0 ] ; then\n    # print error to STDERR\n    echo \"error: The sandbox is not in sync with the Podfile.lock. Run 'pod install' or update your CocoaPods installation.\" >&2\n    exit 1\nfi\n# This output is used by Xcode 'outputs' to avoid re-running this script phase.\necho \"SUCCESS\" > \"${SCRIPT_OUTPUT_FILE_0}\"\n";
			showEnvVarsInLog = 0;
		};
		7C7E54FA39467D261905740F /* [CP] Copy Pods Resources */ = {
			isa = PBXShellScriptBuildPhase;
			buildActionMask = 2147483647;
			files = (
			);
			inputPaths = (
			);
			name = "[CP] Copy Pods Resources";
			outputPaths = (
			);
			runOnlyForDeploymentPostprocessing = 0;
			shellPath = /bin/sh;
			shellScript = "\"${SRCROOT}/Pods/Target Support Files/Pods-loginAuto/Pods-loginAuto-resources.sh\"\n";
			showEnvVarsInLog = 0;
		};
		D4E715C22C7C73DE9813FA46 /* [CP] Embed Pods Frameworks */ = {
			isa = PBXShellScriptBuildPhase;
			buildActionMask = 2147483647;
			files = (
			);
			inputPaths = (
				"${SRCROOT}/Pods/Target Support Files/Pods-loginAuto/Pods-loginAuto-frameworks.sh",
				"${BUILT_PRODUCTS_DIR}/Alamofire/Alamofire.framework",
			);
			name = "[CP] Embed Pods Frameworks";
			outputPaths = (
				"${TARGET_BUILD_DIR}/${FRAMEWORKS_FOLDER_PATH}/Alamofire.framework",
			);
			runOnlyForDeploymentPostprocessing = 0;
			shellPath = /bin/sh;
			shellScript = "\"${SRCROOT}/Pods/Target Support Files/Pods-loginAuto/Pods-loginAuto-frameworks.sh\"\n";
			showEnvVarsInLog = 0;
		};
/* End PBXShellScriptBuildPhase section */

/* Begin PBXSourcesBuildPhase section */
		D5688F921FE4F61F006D7423 /* Sources */ = {
			isa = PBXSourcesBuildPhase;
			buildActionMask = 2147483647;
			files = (
				D565C8941FE74C9500E6E85D /* extMain + UICollectionView.swift in Sources */,
				D5688FC11FE63CDB006D7423 /* NavigationController.swift in Sources */,
				D5688FAC1FE4F930006D7423 /* extUIView.swift in Sources */,
				D5688FB01FE504AD006D7423 /* Data.swift in Sources */,
				D57950831FE80D18006E63E6 /* Network.swift in Sources */,
				850DE22E1FF22E9D00C828FF /* AdminCell.swift in Sources */,
				D5688FC31FE63E3D006D7423 /* MainController.swift in Sources */,
				D565C89A1FE7A4E000E6E85D /* BillController.swift in Sources */,
				850DE22C1FF22D0A00C828FF /* exAdmin + UITableView.swift in Sources */,
				D5688FC51FE65714006D7423 /* extUserDefualts.swift in Sources */,
				850DE2231FF2022E00C828FF /* ConfigController.swift in Sources */,
				850DE2201FF146B400C828FF /* SignUpController.swift in Sources */,
				850DE2291FF2256C00C828FF /* AdminController.swift in Sources */,
				85967A9C1FF24930009E5027 /* extUITextField.swift in Sources */,
				85967AA01FF27D5A009E5027 /* customAlert.swift in Sources */,
				850DE21D1FF137C000C828FF /* LoginController.swift in Sources */,
				D565C89F1FE7AB0000E6E85D /* ShutdownCell.swift in Sources */,
				D5688F9C1FE4F61F006D7423 /* InitController.swift in Sources */,
				D5688FBB1FE51A1F006D7423 /* exUIColor.swift in Sources */,
				D565C8A11FE7DEA000E6E85D /* extShut + UITableView.swift in Sources */,
				D5688FAE1FE4FDA9006D7423 /* PageCell.swift in Sources */,
				D5688FB91FE51899006D7423 /* extInit + UICollectionView.swift in Sources */,
				D5688F9A1FE4F61F006D7423 /* AppDelegate.swift in Sources */,
				D565C8961FE74D7E00E6E85D /* MainCell.swift in Sources */,
				D565C89D1FE7A6AB00E6E85D /* ShutdownController.swift in Sources */,
			);
			runOnlyForDeploymentPostprocessing = 0;
		};
/* End PBXSourcesBuildPhase section */

/* Begin PBXVariantGroup section */
		D5688FA21FE4F61F006D7423 /* LaunchScreen.storyboard */ = {
			isa = PBXVariantGroup;
			children = (
				D5688FA31FE4F61F006D7423 /* Base */,
			);
			name = LaunchScreen.storyboard;
			sourceTree = "<group>";
		};
/* End PBXVariantGroup section */

/* Begin XCBuildConfiguration section */
		D5688FA61FE4F61F006D7423 /* Debug */ = {
			isa = XCBuildConfiguration;
			buildSettings = {
				ALWAYS_SEARCH_USER_PATHS = NO;
				CLANG_ANALYZER_NONNULL = YES;
				CLANG_ANALYZER_NUMBER_OBJECT_CONVERSION = YES_AGGRESSIVE;
				CLANG_CXX_LANGUAGE_STANDARD = "gnu++14";
				CLANG_CXX_LIBRARY = "libc++";
				CLANG_ENABLE_MODULES = YES;
				CLANG_ENABLE_OBJC_ARC = YES;
				CLANG_WARN_BLOCK_CAPTURE_AUTORELEASING = YES;
				CLANG_WARN_BOOL_CONVERSION = YES;
				CLANG_WARN_COMMA = YES;
				CLANG_WARN_CONSTANT_CONVERSION = YES;
				CLANG_WARN_DIRECT_OBJC_ISA_USAGE = YES_ERROR;
				CLANG_WARN_DOCUMENTATION_COMMENTS = YES;
				CLANG_WARN_EMPTY_BODY = YES;
				CLANG_WARN_ENUM_CONVERSION = YES;
				CLANG_WARN_INFINITE_RECURSION = YES;
				CLANG_WARN_INT_CONVERSION = YES;
				CLANG_WARN_NON_LITERAL_NULL_CONVERSION = YES;
				CLANG_WARN_OBJC_LITERAL_CONVERSION = YES;
				CLANG_WARN_OBJC_ROOT_CLASS = YES_ERROR;
				CLANG_WARN_RANGE_LOOP_ANALYSIS = YES;
				CLANG_WARN_STRICT_PROTOTYPES = YES;
				CLANG_WARN_SUSPICIOUS_MOVE = YES;
				CLANG_WARN_UNGUARDED_AVAILABILITY = YES_AGGRESSIVE;
				CLANG_WARN_UNREACHABLE_CODE = YES;
				CLANG_WARN__DUPLICATE_METHOD_MATCH = YES;
				CODE_SIGN_IDENTITY = "iPhone Developer";
				COPY_PHASE_STRIP = NO;
				DEBUG_INFORMATION_FORMAT = dwarf;
				ENABLE_STRICT_OBJC_MSGSEND = YES;
				ENABLE_TESTABILITY = YES;
				GCC_C_LANGUAGE_STANDARD = gnu11;
				GCC_DYNAMIC_NO_PIC = NO;
				GCC_NO_COMMON_BLOCKS = YES;
				GCC_OPTIMIZATION_LEVEL = 0;
				GCC_PREPROCESSOR_DEFINITIONS = (
					"DEBUG=1",
					"$(inherited)",
				);
				GCC_WARN_64_TO_32_BIT_CONVERSION = YES;
				GCC_WARN_ABOUT_RETURN_TYPE = YES_ERROR;
				GCC_WARN_UNDECLARED_SELECTOR = YES;
				GCC_WARN_UNINITIALIZED_AUTOS = YES_AGGRESSIVE;
				GCC_WARN_UNUSED_FUNCTION = YES;
				GCC_WARN_UNUSED_VARIABLE = YES;
				IPHONEOS_DEPLOYMENT_TARGET = 11.2;
				MTL_ENABLE_DEBUG_INFO = YES;
				ONLY_ACTIVE_ARCH = YES;
				SDKROOT = iphoneos;
				SWIFT_ACTIVE_COMPILATION_CONDITIONS = DEBUG;
				SWIFT_OPTIMIZATION_LEVEL = "-Onone";
			};
			name = Debug;
		};
		D5688FA71FE4F61F006D7423 /* Release */ = {
			isa = XCBuildConfiguration;
			buildSettings = {
				ALWAYS_SEARCH_USER_PATHS = NO;
				CLANG_ANALYZER_NONNULL = YES;
				CLANG_ANALYZER_NUMBER_OBJECT_CONVERSION = YES_AGGRESSIVE;
				CLANG_CXX_LANGUAGE_STANDARD = "gnu++14";
				CLANG_CXX_LIBRARY = "libc++";
				CLANG_ENABLE_MODULES = YES;
				CLANG_ENABLE_OBJC_ARC = YES;
				CLANG_WARN_BLOCK_CAPTURE_AUTORELEASING = YES;
				CLANG_WARN_BOOL_CONVERSION = YES;
				CLANG_WARN_COMMA = YES;
				CLANG_WARN_CONSTANT_CONVERSION = YES;
				CLANG_WARN_DIRECT_OBJC_ISA_USAGE = YES_ERROR;
				CLANG_WARN_DOCUMENTATION_COMMENTS = YES;
				CLANG_WARN_EMPTY_BODY = YES;
				CLANG_WARN_ENUM_CONVERSION = YES;
				CLANG_WARN_INFINITE_RECURSION = YES;
				CLANG_WARN_INT_CONVERSION = YES;
				CLANG_WARN_NON_LITERAL_NULL_CONVERSION = YES;
				CLANG_WARN_OBJC_LITERAL_CONVERSION = YES;
				CLANG_WARN_OBJC_ROOT_CLASS = YES_ERROR;
				CLANG_WARN_RANGE_LOOP_ANALYSIS = YES;
				CLANG_WARN_STRICT_PROTOTYPES = YES;
				CLANG_WARN_SUSPICIOUS_MOVE = YES;
				CLANG_WARN_UNGUARDED_AVAILABILITY = YES_AGGRESSIVE;
				CLANG_WARN_UNREACHABLE_CODE = YES;
				CLANG_WARN__DUPLICATE_METHOD_MATCH = YES;
				CODE_SIGN_IDENTITY = "iPhone Developer";
				COPY_PHASE_STRIP = NO;
				DEBUG_INFORMATION_FORMAT = "dwarf-with-dsym";
				ENABLE_NS_ASSERTIONS = NO;
				ENABLE_STRICT_OBJC_MSGSEND = YES;
				GCC_C_LANGUAGE_STANDARD = gnu11;
				GCC_NO_COMMON_BLOCKS = YES;
				GCC_WARN_64_TO_32_BIT_CONVERSION = YES;
				GCC_WARN_ABOUT_RETURN_TYPE = YES_ERROR;
				GCC_WARN_UNDECLARED_SELECTOR = YES;
				GCC_WARN_UNINITIALIZED_AUTOS = YES_AGGRESSIVE;
				GCC_WARN_UNUSED_FUNCTION = YES;
				GCC_WARN_UNUSED_VARIABLE = YES;
				IPHONEOS_DEPLOYMENT_TARGET = 11.2;
				MTL_ENABLE_DEBUG_INFO = NO;
				SDKROOT = iphoneos;
				SWIFT_OPTIMIZATION_LEVEL = "-Owholemodule";
				VALIDATE_PRODUCT = YES;
			};
			name = Release;
		};
		D5688FA91FE4F61F006D7423 /* Debug */ = {
			isa = XCBuildConfiguration;
			baseConfigurationReference = 27830701E153E8B7CB071957 /* Pods-loginAuto.debug.xcconfig */;
			buildSettings = {
				ASSETCATALOG_COMPILER_APPICON_NAME = AppIcon;
				CODE_SIGN_STYLE = Automatic;
				DEVELOPMENT_TEAM = 6QG49X22JS;
				INFOPLIST_FILE = loginAuto/Info.plist;
				IPHONEOS_DEPLOYMENT_TARGET = 9.0;
				LD_RUNPATH_SEARCH_PATHS = "$(inherited) @executable_path/Frameworks";
				PRODUCT_BUNDLE_IDENTIFIER = kr.lasel.bugking.loginAuto;
				PRODUCT_NAME = "$(TARGET_NAME)";
				SWIFT_VERSION = 4.0;
				TARGETED_DEVICE_FAMILY = 1;
			};
			name = Debug;
		};
		D5688FAA1FE4F61F006D7423 /* Release */ = {
			isa = XCBuildConfiguration;
			baseConfigurationReference = 2D667CD51C96E476442D5B59 /* Pods-loginAuto.release.xcconfig */;
			buildSettings = {
				ASSETCATALOG_COMPILER_APPICON_NAME = AppIcon;
				CODE_SIGN_STYLE = Automatic;
				DEVELOPMENT_TEAM = 6QG49X22JS;
				INFOPLIST_FILE = loginAuto/Info.plist;
				IPHONEOS_DEPLOYMENT_TARGET = 9.0;
				LD_RUNPATH_SEARCH_PATHS = "$(inherited) @executable_path/Frameworks";
				PRODUCT_BUNDLE_IDENTIFIER = kr.lasel.bugking.loginAuto;
				PRODUCT_NAME = "$(TARGET_NAME)";
				SWIFT_VERSION = 4.0;
				TARGETED_DEVICE_FAMILY = 1;
			};
			name = Release;
		};
/* End XCBuildConfiguration section */

/* Begin XCConfigurationList section */
		D5688F911FE4F61F006D7423 /* Build configuration list for PBXProject "loginAuto" */ = {
			isa = XCConfigurationList;
			buildConfigurations = (
				D5688FA61FE4F61F006D7423 /* Debug */,
				D5688FA71FE4F61F006D7423 /* Release */,
			);
			defaultConfigurationIsVisible = 0;
			defaultConfigurationName = Release;
		};
		D5688FA81FE4F61F006D7423 /* Build configuration list for PBXNativeTarget "loginAuto" */ = {
			isa = XCConfigurationList;
			buildConfigurations = (
				D5688FA91FE4F61F006D7423 /* Debug */,
				D5688FAA1FE4F61F006D7423 /* Release */,
			);
			defaultConfigurationIsVisible = 0;
			defaultConfigurationName = Release;
		};
/* End XCConfigurationList section */
	};
	rootObject = D5688F8E1FE4F61F006D7423 /* Project object */;
}
